
Microsoft Visual Studio Solution File, Format Version 12.00
Project("{2150E333-8FDC-42A3-9474-1A3956D46DE8}") = "Session1", "Session1", "{A7147AFF-886B-4335-96D4-EDFD25A2CD28}"
EndProject
Project("{FAE04EC0-301F-11D3-BF4B-00C04F79EFBC}") = "S01-Ex01", "S01-Ex01\S01-Ex01.csproj", "{95C51CDD-8F5D-410F-8FC1-10B716D28FCF}"
EndProject
Project("{FAE04EC0-301F-11D3-BF4B-00C04F79EFBC}") = "S01-Ex03", "S01-Ex03\S01-Ex03.csproj", "{E084E714-E4CE-4908-8832-F271E0D95A7E}"
EndProject
Project("{2150E333-8FDC-42A3-9474-1A3956D46DE8}") = "Session2", "Session2", "{664858FC-FF5D-408B-9335-BACB59C19322}"
EndProject
Project("{FAE04EC0-301F-11D3-BF4B-00C04F79EFBC}") = "S02-Ex1", "S02-Ex1\S02-Ex1.csproj", "{F0921301-1798-45D9-8487-32A25165554F}"
EndProject
Project("{2150E333-8FDC-42A3-9474-1A3956D46DE8}") = "Session3", "Session3", "{E4208501-60A7-42D3-9A8E-1FE902EF83E1}"
EndProject
Project("{FAE04EC0-301F-11D3-BF4B-00C04F79EFBC}") = "S01-Ex04", "S01\S01-Ex04\S01-Ex04.csproj", "{C5945F67-C381-43E4-B2FF-623415BB81C3}"
EndProject
Project("{FAE04EC0-301F-11D3-BF4B-00C04F79EFBC}") = "S01-Ex05", "S01\S01-Ex05\S01-Ex05.csproj", "{7FEC1299-55C9-4668-8745-A13402801E14}"
EndProject
Project("{FAE04EC0-301F-11D3-BF4B-00C04F79EFBC}") = "S01-Ex06", "S01\S01-Ex06\S01-Ex06.csproj", "{F1161D3A-16CA-4432-A00F-6658680A1664}"
EndProject
Project("{FAE04EC0-301F-11D3-BF4B-00C04F79EFBC}") = "S01-Ex08", "S01\S01-Ex08\S01-Ex08.csproj", "{EB88CC9B-7878-4F79-846F-AFC23CD2E9A6}"
EndProject
Project("{FAE04EC0-301F-11D3-BF4B-00C04F79EFBC}") = "S01-Ex09", "S01-Ex09\S01-Ex09.csproj", "{FB0E6F5F-E04F-4A69-AA99-C332A3ECAE2C}"
EndProject
Project("{FAE04EC0-301F-11D3-BF4B-00C04F79EFBC}") = "S02-Ex2", "S02\S02-Ex2\S02-Ex2.csproj", "{AC00A649-2B87-4853-BA1E-6A4AAB9ABF9C}"
EndProject
Project("{FAE04EC0-301F-11D3-BF4B-00C04F79EFBC}") = "S02-Ex3", "S02\S02-Ex3\S02-Ex3.csproj", "{7DD5030C-9623-4DF7-8BE8-C9B77690C45E}"
EndProject
Project("{FAE04EC0-301F-11D3-BF4B-00C04F79EFBC}") = "S02-Ex4", "S02\S02-Ex4\S02-Ex4.csproj", "{C8297681-3258-44B2-9E3E-0606848F2CA3}"
EndProject
Project("{FAE04EC0-301F-11D3-BF4B-00C04F79EFBC}") = "S02-Ex5", "S02\S02-Ex5\S02-Ex5.csproj", "{C635ABB1-97D0-48E7-AA15-AC3BDD7BE6F0}"
EndProject
Project("{FAE04EC0-301F-11D3-BF4B-00C04F79EFBC}") = "S03-Ex1", "S03\S03-Ex1\S03-Ex1.csproj", "{F67BBEAF-49EF-481D-A382-278B46ED04BF}"
EndProject
Project("{FAE04EC0-301F-11D3-BF4B-00C04F79EFBC}") = "S03-Ex2", "S03\S03-Ex2\S03-Ex2.csproj", "{B3F42F9C-76E1-44F6-973A-A39380D29A1B}"
EndProject
Project("{FAE04EC0-301F-11D3-BF4B-00C04F79EFBC}") = "S03-Ex3", "S03\S03-Ex3\S03-Ex3.csproj", "{06A8B321-4A3E-4296-9C4A-E5F0F0A6A9A6}"
EndProject
Project("{FAE04EC0-301F-11D3-BF4B-00C04F79EFBC}") = "S03-Ex03Client", "S03\S03-Ex03Client\S03-Ex03Client.csproj", "{4ED00ECB-31C0-4613-8379-9A58850AF249}"
EndProject
Project("{FAE04EC0-301F-11D3-BF4B-00C04F79EFBC}") = "S03-Ex5Server", "S03\S03-Ex5Server\S03-Ex5Server.csproj", "{2DCAF7B6-6630-4B3B-AFE8-C2F69528E15D}"
EndProject
Project("{FAE04EC0-301F-11D3-BF4B-00C04F79EFBC}") = "S03-Ex5Client", "S03\S03-Ex5Client\S03-Ex5Client.csproj", "{1FFB1737-A0E2-4429-96F9-A7FD7DDFA383}"
EndProject
Project("{FAE04EC0-301F-11D3-BF4B-00C04F79EFBC}") = "S04-Blazor", "S04\S04-Blazor\S04-Blazor.csproj", "{6B8A370C-C3A7-43E5-911E-BAFE002C0247}"
EndProject
Project("{2150E333-8FDC-42A3-9474-1A3956D46DE8}") = "BlazorTODO", "BlazorTODO", "{25FFD1A7-B11D-49B0-8ED4-E3AEC048A2FF}"
EndProject
Project("{FAE04EC0-301F-11D3-BF4B-00C04F79EFBC}") = "ToDo", "TODO\ToDo\ToDo.csproj", "{678B35C4-EB0F-4518-9E50-AB4BF2E594BD}"
EndProject
Project("{2150E333-8FDC-42A3-9474-1A3956D46DE8}") = "LoginExample", "LoginExample", "{D92B16CC-1E1B-42F5-B0C1-2027E5A290AB}"
EndProject
Project("{FAE04EC0-301F-11D3-BF4B-00C04F79EFBC}") = "LoginEx", "LoginEx\LoginEx.csproj", "{DD227E1F-695D-40A6-9CC4-31311270F707}"
EndProject
Project("{2150E333-8FDC-42A3-9474-1A3956D46DE8}") = "Assignment1", "Assignment1", "{CAD62FFD-9697-4EB1-ADB7-0E76883B051D}"
EndProject
Project("{FAE04EC0-301F-11D3-BF4B-00C04F79EFBC}") = "Assignment1", "Assignement1\Assignment1\Assignment1.csproj", "{2A05C142-322C-4A8F-B073-AEE9C55A0F2B}"
EndProject
Global
	GlobalSection(SolutionConfigurationPlatforms) = preSolution
		Debug|Any CPU = Debug|Any CPU
		Release|Any CPU = Release|Any CPU
	EndGlobalSection
	GlobalSection(NestedProjects) = preSolution
		{95C51CDD-8F5D-410F-8FC1-10B716D28FCF} = {A7147AFF-886B-4335-96D4-EDFD25A2CD28}
		{E084E714-E4CE-4908-8832-F271E0D95A7E} = {A7147AFF-886B-4335-96D4-EDFD25A2CD28}
		{F0921301-1798-45D9-8487-32A25165554F} = {664858FC-FF5D-408B-9335-BACB59C19322}
		{C5945F67-C381-43E4-B2FF-623415BB81C3} = {A7147AFF-886B-4335-96D4-EDFD25A2CD28}
		{7FEC1299-55C9-4668-8745-A13402801E14} = {A7147AFF-886B-4335-96D4-EDFD25A2CD28}
		{F1161D3A-16CA-4432-A00F-6658680A1664} = {A7147AFF-886B-4335-96D4-EDFD25A2CD28}
		{EB88CC9B-7878-4F79-846F-AFC23CD2E9A6} = {A7147AFF-886B-4335-96D4-EDFD25A2CD28}
		{FB0E6F5F-E04F-4A69-AA99-C332A3ECAE2C} = {A7147AFF-886B-4335-96D4-EDFD25A2CD28}
		{AC00A649-2B87-4853-BA1E-6A4AAB9ABF9C} = {664858FC-FF5D-408B-9335-BACB59C19322}
		{7DD5030C-9623-4DF7-8BE8-C9B77690C45E} = {664858FC-FF5D-408B-9335-BACB59C19322}
		{C8297681-3258-44B2-9E3E-0606848F2CA3} = {664858FC-FF5D-408B-9335-BACB59C19322}
		{C635ABB1-97D0-48E7-AA15-AC3BDD7BE6F0} = {664858FC-FF5D-408B-9335-BACB59C19322}
		{F67BBEAF-49EF-481D-A382-278B46ED04BF} = {E4208501-60A7-42D3-9A8E-1FE902EF83E1}
		{B3F42F9C-76E1-44F6-973A-A39380D29A1B} = {E4208501-60A7-42D3-9A8E-1FE902EF83E1}
		{06A8B321-4A3E-4296-9C4A-E5F0F0A6A9A6} = {E4208501-60A7-42D3-9A8E-1FE902EF83E1}
		{4ED00ECB-31C0-4613-8379-9A58850AF249} = {E4208501-60A7-42D3-9A8E-1FE902EF83E1}
		{2DCAF7B6-6630-4B3B-AFE8-C2F69528E15D} = {E4208501-60A7-42D3-9A8E-1FE902EF83E1}
		{1FFB1737-A0E2-4429-96F9-A7FD7DDFA383} = {E4208501-60A7-42D3-9A8E-1FE902EF83E1}
		{678B35C4-EB0F-4518-9E50-AB4BF2E594BD} = {25FFD1A7-B11D-49B0-8ED4-E3AEC048A2FF}
		{DD227E1F-695D-40A6-9CC4-31311270F707} = {D92B16CC-1E1B-42F5-B0C1-2027E5A290AB}
		{2A05C142-322C-4A8F-B073-AEE9C55A0F2B} = {CAD62FFD-9697-4EB1-ADB7-0E76883B051D}
	EndGlobalSection
	GlobalSection(ProjectConfigurationPlatforms) = postSolution
		{95C51CDD-8F5D-410F-8FC1-10B716D28FCF}.Debug|Any CPU.ActiveCfg = Debug|Any CPU
		{95C51CDD-8F5D-410F-8FC1-10B716D28FCF}.Debug|Any CPU.Build.0 = Debug|Any CPU
		{95C51CDD-8F5D-410F-8FC1-10B716D28FCF}.Release|Any CPU.ActiveCfg = Release|Any CPU
		{95C51CDD-8F5D-410F-8FC1-10B716D28FCF}.Release|Any CPU.Build.0 = Release|Any CPU
		{E084E714-E4CE-4908-8832-F271E0D95A7E}.Debug|Any CPU.ActiveCfg = Debug|Any CPU
		{E084E714-E4CE-4908-8832-F271E0D95A7E}.Debug|Any CPU.Build.0 = Debug|Any CPU
		{E084E714-E4CE-4908-8832-F271E0D95A7E}.Release|Any CPU.ActiveCfg = Release|Any CPU
		{E084E714-E4CE-4908-8832-F271E0D95A7E}.Release|Any CPU.Build.0 = Release|Any CPU
		{F0921301-1798-45D9-8487-32A25165554F}.Debug|Any CPU.ActiveCfg = Debug|Any CPU
		{F0921301-1798-45D9-8487-32A25165554F}.Debug|Any CPU.Build.0 = Debug|Any CPU
		{F0921301-1798-45D9-8487-32A25165554F}.Release|Any CPU.ActiveCfg = Release|Any CPU
		{F0921301-1798-45D9-8487-32A25165554F}.Release|Any CPU.Build.0 = Release|Any CPU
		{C5945F67-C381-43E4-B2FF-623415BB81C3}.Debug|Any CPU.ActiveCfg = Debug|Any CPU
		{C5945F67-C381-43E4-B2FF-623415BB81C3}.Debug|Any CPU.Build.0 = Debug|Any CPU
		{C5945F67-C381-43E4-B2FF-623415BB81C3}.Release|Any CPU.ActiveCfg = Release|Any CPU
		{C5945F67-C381-43E4-B2FF-623415BB81C3}.Release|Any CPU.Build.0 = Release|Any CPU
		{7FEC1299-55C9-4668-8745-A13402801E14}.Debug|Any CPU.ActiveCfg = Debug|Any CPU
		{7FEC1299-55C9-4668-8745-A13402801E14}.Debug|Any CPU.Build.0 = Debug|Any CPU
		{7FEC1299-55C9-4668-8745-A13402801E14}.Release|Any CPU.ActiveCfg = Release|Any CPU
		{7FEC1299-55C9-4668-8745-A13402801E14}.Release|Any CPU.Build.0 = Release|Any CPU
		{F1161D3A-16CA-4432-A00F-6658680A1664}.Debug|Any CPU.ActiveCfg = Debug|Any CPU
		{F1161D3A-16CA-4432-A00F-6658680A1664}.Debug|Any CPU.Build.0 = Debug|Any CPU
		{F1161D3A-16CA-4432-A00F-6658680A1664}.Release|Any CPU.ActiveCfg = Release|Any CPU
		{F1161D3A-16CA-4432-A00F-6658680A1664}.Release|Any CPU.Build.0 = Release|Any CPU
		{EB88CC9B-7878-4F79-846F-AFC23CD2E9A6}.Debug|Any CPU.ActiveCfg = Debug|Any CPU
		{EB88CC9B-7878-4F79-846F-AFC23CD2E9A6}.Debug|Any CPU.Build.0 = Debug|Any CPU
		{EB88CC9B-7878-4F79-846F-AFC23CD2E9A6}.Release|Any CPU.ActiveCfg = Release|Any CPU
		{EB88CC9B-7878-4F79-846F-AFC23CD2E9A6}.Release|Any CPU.Build.0 = Release|Any CPU
		{FB0E6F5F-E04F-4A69-AA99-C332A3ECAE2C}.Debug|Any CPU.ActiveCfg = Debug|Any CPU
		{FB0E6F5F-E04F-4A69-AA99-C332A3ECAE2C}.Debug|Any CPU.Build.0 = Debug|Any CPU
		{FB0E6F5F-E04F-4A69-AA99-C332A3ECAE2C}.Release|Any CPU.ActiveCfg = Release|Any CPU
		{FB0E6F5F-E04F-4A69-AA99-C332A3ECAE2C}.Release|Any CPU.Build.0 = Release|Any CPU
		{AC00A649-2B87-4853-BA1E-6A4AAB9ABF9C}.Debug|Any CPU.ActiveCfg = Debug|Any CPU
		{AC00A649-2B87-4853-BA1E-6A4AAB9ABF9C}.Debug|Any CPU.Build.0 = Debug|Any CPU
		{AC00A649-2B87-4853-BA1E-6A4AAB9ABF9C}.Release|Any CPU.ActiveCfg = Release|Any CPU
		{AC00A649-2B87-4853-BA1E-6A4AAB9ABF9C}.Release|Any CPU.Build.0 = Release|Any CPU
		{7DD5030C-9623-4DF7-8BE8-C9B77690C45E}.Debug|Any CPU.ActiveCfg = Debug|Any CPU
		{7DD5030C-9623-4DF7-8BE8-C9B77690C45E}.Debug|Any CPU.Build.0 = Debug|Any CPU
		{7DD5030C-9623-4DF7-8BE8-C9B77690C45E}.Release|Any CPU.ActiveCfg = Release|Any CPU
		{7DD5030C-9623-4DF7-8BE8-C9B77690C45E}.Release|Any CPU.Build.0 = Release|Any CPU
		{C8297681-3258-44B2-9E3E-0606848F2CA3}.Debug|Any CPU.ActiveCfg = Debug|Any CPU
		{C8297681-3258-44B2-9E3E-0606848F2CA3}.Debug|Any CPU.Build.0 = Debug|Any CPU
		{C8297681-3258-44B2-9E3E-0606848F2CA3}.Release|Any CPU.ActiveCfg = Release|Any CPU
		{C8297681-3258-44B2-9E3E-0606848F2CA3}.Release|Any CPU.Build.0 = Release|Any CPU
		{C635ABB1-97D0-48E7-AA15-AC3BDD7BE6F0}.Debug|Any CPU.ActiveCfg = Debug|Any CPU
		{C635ABB1-97D0-48E7-AA15-AC3BDD7BE6F0}.Debug|Any CPU.Build.0 = Debug|Any CPU
		{C635ABB1-97D0-48E7-AA15-AC3BDD7BE6F0}.Release|Any CPU.ActiveCfg = Release|Any CPU
		{C635ABB1-97D0-48E7-AA15-AC3BDD7BE6F0}.Release|Any CPU.Build.0 = Release|Any CPU
		{F67BBEAF-49EF-481D-A382-278B46ED04BF}.Debug|Any CPU.ActiveCfg = Debug|Any CPU
		{F67BBEAF-49EF-481D-A382-278B46ED04BF}.Debug|Any CPU.Build.0 = Debug|Any CPU
		{F67BBEAF-49EF-481D-A382-278B46ED04BF}.Release|Any CPU.ActiveCfg = Release|Any CPU
		{F67BBEAF-49EF-481D-A382-278B46ED04BF}.Release|Any CPU.Build.0 = Release|Any CPU
		{B3F42F9C-76E1-44F6-973A-A39380D29A1B}.Debug|Any CPU.ActiveCfg = Debug|Any CPU
		{B3F42F9C-76E1-44F6-973A-A39380D29A1B}.Debug|Any CPU.Build.0 = Debug|Any CPU
		{B3F42F9C-76E1-44F6-973A-A39380D29A1B}.Release|Any CPU.ActiveCfg = Release|Any CPU
		{B3F42F9C-76E1-44F6-973A-A39380D29A1B}.Release|Any CPU.Build.0 = Release|Any CPU
		{06A8B321-4A3E-4296-9C4A-E5F0F0A6A9A6}.Debug|Any CPU.ActiveCfg = Debug|Any CPU
		{06A8B321-4A3E-4296-9C4A-E5F0F0A6A9A6}.Debug|Any CPU.Build.0 = Debug|Any CPU
		{06A8B321-4A3E-4296-9C4A-E5F0F0A6A9A6}.Release|Any CPU.ActiveCfg = Release|Any CPU
		{06A8B321-4A3E-4296-9C4A-E5F0F0A6A9A6}.Release|Any CPU.Build.0 = Release|Any CPU
		{4ED00ECB-31C0-4613-8379-9A58850AF249}.Debug|Any CPU.ActiveCfg = Debug|Any CPU
		{4ED00ECB-31C0-4613-8379-9A58850AF249}.Debug|Any CPU.Build.0 = Debug|Any CPU
		{4ED00ECB-31C0-4613-8379-9A58850AF249}.Release|Any CPU.ActiveCfg = Release|Any CPU
		{4ED00ECB-31C0-4613-8379-9A58850AF249}.Release|Any CPU.Build.0 = Release|Any CPU
		{2DCAF7B6-6630-4B3B-AFE8-C2F69528E15D}.Debug|Any CPU.ActiveCfg = Debug|Any CPU
		{2DCAF7B6-6630-4B3B-AFE8-C2F69528E15D}.Debug|Any CPU.Build.0 = Debug|Any CPU
		{2DCAF7B6-6630-4B3B-AFE8-C2F69528E15D}.Release|Any CPU.ActiveCfg = Release|Any CPU
		{2DCAF7B6-6630-4B3B-AFE8-C2F69528E15D}.Release|Any CPU.Build.0 = Release|Any CPU
		{1FFB1737-A0E2-4429-96F9-A7FD7DDFA383}.Debug|Any CPU.ActiveCfg = Debug|Any CPU
		{1FFB1737-A0E2-4429-96F9-A7FD7DDFA383}.Debug|Any CPU.Build.0 = Debug|Any CPU
		{1FFB1737-A0E2-4429-96F9-A7FD7DDFA383}.Release|Any CPU.ActiveCfg = Release|Any CPU
		{1FFB1737-A0E2-4429-96F9-A7FD7DDFA383}.Release|Any CPU.Build.0 = Release|Any CPU
		{6B8A370C-C3A7-43E5-911E-BAFE002C0247}.Debug|Any CPU.ActiveCfg = Debug|Any CPU
		{6B8A370C-C3A7-43E5-911E-BAFE002C0247}.Debug|Any CPU.Build.0 = Debug|Any CPU
		{6B8A370C-C3A7-43E5-911E-BAFE002C0247}.Release|Any CPU.ActiveCfg = Release|Any CPU
		{6B8A370C-C3A7-43E5-911E-BAFE002C0247}.Release|Any CPU.Build.0 = Release|Any CPU
		{678B35C4-EB0F-4518-9E50-AB4BF2E594BD}.Debug|Any CPU.ActiveCfg = Debug|Any CPU
		{678B35C4-EB0F-4518-9E50-AB4BF2E594BD}.Debug|Any CPU.Build.0 = Debug|Any CPU
		{678B35C4-EB0F-4518-9E50-AB4BF2E594BD}.Release|Any CPU.ActiveCfg = Release|Any CPU
		{678B35C4-EB0F-4518-9E50-AB4BF2E594BD}.Release|Any CPU.Build.0 = Release|Any CPU
		{DD227E1F-695D-40A6-9CC4-31311270F707}.Debug|Any CPU.ActiveCfg = Debug|Any CPU
		{DD227E1F-695D-40A6-9CC4-31311270F707}.Debug|Any CPU.Build.0 = Debug|Any CPU
		{DD227E1F-695D-40A6-9CC4-31311270F707}.Release|Any CPU.ActiveCfg = Release|Any CPU
		{DD227E1F-695D-40A6-9CC4-31311270F707}.Release|Any CPU.Build.0 = Release|Any CPU
		{2A05C142-322C-4A8F-B073-AEE9C55A0F2B}.Debug|Any CPU.ActiveCfg = Debug|Any CPU
		{2A05C142-322C-4A8F-B073-AEE9C55A0F2B}.Debug|Any CPU.Build.0 = Debug|Any CPU
		{2A05C142-322C-4A8F-B073-AEE9C55A0F2B}.Release|Any CPU.ActiveCfg = Release|Any CPU
		{2A05C142-322C-4A8F-B073-AEE9C55A0F2B}.Release|Any CPU.Build.0 = Release|Any CPU
	EndGlobalSection
EndGlobal
